
Microsoft Visual Studio Solution File, Format Version 12.00
# Visual Studio Version 16
VisualStudioVersion = 16.0.31025.194
MinimumVisualStudioVersion = 10.0.40219.1
Project("{FAE04EC0-301F-11D3-BF4B-00C04F79EFBC}") = "mimari", "mimari\mimari.csproj", "{03202B1F-2389-47E6-886E-85C07B09A484}"
EndProject
Global
	GlobalSection(SolutionConfigurationPlatforms) = preSolution
		Debug|Any CPU = Debug|Any CPU
		Release|Any CPU = Release|Any CPU
	EndGlobalSection
	GlobalSection(ProjectConfigurationPlatforms) = postSolution
		{03202B1F-2389-47E6-886E-85C07B09A484}.Debug|Any CPU.ActiveCfg = Debug|Any CPU
		{03202B1F-2389-47E6-886E-85C07B09A484}.Debug|Any CPU.Build.0 = Debug|Any CPU
		{03202B1F-2389-47E6-886E-85C07B09A484}.Release|Any CPU.ActiveCfg = Release|Any CPU
		{03202B1F-2389-47E6-886E-85C07B09A484}.Release|Any CPU.Build.0 = Release|Any CPU
	EndGlobalSection
	GlobalSection(SolutionProperties) = preSolution
		HideSolutionNode = FALSE
	EndGlobalSection
	GlobalSection(ExtensibilityGlobals) = postSolution
		SolutionGuid = {84755C0C-CB53-41EE-9718-987D8D3F2E0F}
	EndGlobalSection
EndGlobal
